# THIS IS AN AUTOGENERATED FILE. DO NOT EDIT THIS FILE DIRECTLY.
# yarn lockfile v1
object-assign@^4.1.0:
  version "4.1.0"
  resolved "http://registry.npm.taobao.org/object-assign/download/object-assign-4.1.0.tgz#7a3b3d0e98063d43f4c03f2e8ae6cd51a86883a0"

query-string:
  version "4.2.3"
  resolved "http://registry.npm.taobao.org/query-string/download/query-string-4.2.3.tgz#9f27273d207a25a8ee4c7b8c74dcd45d556db822"
  dependencies:
    object-assign "^4.1.0"
    strict-uri-encode "^1.0.0"

strict-uri-encode@^1.0.0:
  version "1.1.0"
  resolved "http://registry.npm.taobao.org/strict-uri-encode/download/strict-uri-encode-1.1.0.tgz#279b225df1d582b1f54e65addd4352e18faa0713"

